
Microsoft Visual Studio Solution File, Format Version 12.00
# Visual Studio Version 17
VisualStudioVersion = 17.7.34018.315
MinimumVisualStudioVersion = 10.0.40219.1
Project("{FAE04EC0-301F-11D3-BF4B-00C04F79EFBC}") = "Converter", "Converter\Converter.csproj", "{D3951AB4-FADC-463D-9901-76888E43B035}"
EndProject
Global
	GlobalSection(SolutionConfigurationPlatforms) = preSolution
		Debug|Any CPU = Debug|Any CPU
		Release|Any CPU = Release|Any CPU
	EndGlobalSection
	GlobalSection(ProjectConfigurationPlatforms) = postSolution
		{D3951AB4-FADC-463D-9901-76888E43B035}.Debug|Any CPU.ActiveCfg = Debug|Any CPU
		{D3951AB4-FADC-463D-9901-76888E43B035}.Debug|Any CPU.Build.0 = Debug|Any CPU
		{D3951AB4-FADC-463D-9901-76888E43B035}.Release|Any CPU.ActiveCfg = Release|Any CPU
		{D3951AB4-FADC-463D-9901-76888E43B035}.Release|Any CPU.Build.0 = Release|Any CPU
	EndGlobalSection
	GlobalSection(SolutionProperties) = preSolution
		HideSolutionNode = FALSE
	EndGlobalSection
	GlobalSection(ExtensibilityGlobals) = postSolution
		SolutionGuid = {725D02CF-392A-47BE-95A5-1C27B23FC7E7}
	EndGlobalSection
EndGlobal
